
Microsoft Visual Studio Solution File, Format Version 12.00
# Visual Studio 15
VisualStudioVersion = 15.0.27130.2003
MinimumVisualStudioVersion = 10.0.40219.1
Project("{FAE04EC0-301F-11D3-BF4B-00C04F79EFBC}") = "Lessons", "Lessons\Lessons.csproj", "{064AD4A6-45CC-44D8-8A2F-C23616BD2CD5}"
EndProject
Project("{FAE04EC0-301F-11D3-BF4B-00C04F79EFBC}") = "MyCoolLibrary", "MyCoolLibrary\MyCoolLibrary.csproj", "{8B8FF835-528A-4B5A-A253-87487BB1F30E}"
EndProject
Global
	GlobalSection(SolutionConfigurationPlatforms) = preSolution
		Debug|Any CPU = Debug|Any CPU
		Debug|x64 = Debug|x64
		Release|Any CPU = Release|Any CPU
		Release|x64 = Release|x64
		X64|Any CPU = X64|Any CPU
		X64|x64 = X64|x64
	EndGlobalSection
	GlobalSection(ProjectConfigurationPlatforms) = postSolution
		{064AD4A6-45CC-44D8-8A2F-C23616BD2CD5}.Debug|Any CPU.ActiveCfg = Debug|Any CPU
		{064AD4A6-45CC-44D8-8A2F-C23616BD2CD5}.Debug|Any CPU.Build.0 = Debug|Any CPU
		{064AD4A6-45CC-44D8-8A2F-C23616BD2CD5}.Debug|x64.ActiveCfg = Debug|x64
		{064AD4A6-45CC-44D8-8A2F-C23616BD2CD5}.Debug|x64.Build.0 = Debug|x64
		{064AD4A6-45CC-44D8-8A2F-C23616BD2CD5}.Release|Any CPU.ActiveCfg = Release|Any CPU
		{064AD4A6-45CC-44D8-8A2F-C23616BD2CD5}.Release|Any CPU.Build.0 = Release|Any CPU
		{064AD4A6-45CC-44D8-8A2F-C23616BD2CD5}.Release|x64.ActiveCfg = Release|x64
		{064AD4A6-45CC-44D8-8A2F-C23616BD2CD5}.Release|x64.Build.0 = Release|x64
		{064AD4A6-45CC-44D8-8A2F-C23616BD2CD5}.X64|Any CPU.ActiveCfg = X64|Any CPU
		{064AD4A6-45CC-44D8-8A2F-C23616BD2CD5}.X64|Any CPU.Build.0 = X64|Any CPU
		{064AD4A6-45CC-44D8-8A2F-C23616BD2CD5}.X64|x64.ActiveCfg = X64|x64
		{064AD4A6-45CC-44D8-8A2F-C23616BD2CD5}.X64|x64.Build.0 = X64|x64
		{8B8FF835-528A-4B5A-A253-87487BB1F30E}.Debug|Any CPU.ActiveCfg = Debug|Any CPU
		{8B8FF835-528A-4B5A-A253-87487BB1F30E}.Debug|Any CPU.Build.0 = Debug|Any CPU
		{8B8FF835-528A-4B5A-A253-87487BB1F30E}.Debug|x64.ActiveCfg = Debug|Any CPU
		{8B8FF835-528A-4B5A-A253-87487BB1F30E}.Debug|x64.Build.0 = Debug|Any CPU
		{8B8FF835-528A-4B5A-A253-87487BB1F30E}.Release|Any CPU.ActiveCfg = Release|Any CPU
		{8B8FF835-528A-4B5A-A253-87487BB1F30E}.Release|Any CPU.Build.0 = Release|Any CPU
		{8B8FF835-528A-4B5A-A253-87487BB1F30E}.Release|x64.ActiveCfg = Release|Any CPU
		{8B8FF835-528A-4B5A-A253-87487BB1F30E}.Release|x64.Build.0 = Release|Any CPU
		{8B8FF835-528A-4B5A-A253-87487BB1F30E}.X64|Any CPU.ActiveCfg = X64|Any CPU
		{8B8FF835-528A-4B5A-A253-87487BB1F30E}.X64|Any CPU.Build.0 = X64|Any CPU
		{8B8FF835-528A-4B5A-A253-87487BB1F30E}.X64|x64.ActiveCfg = X64|Any CPU
		{8B8FF835-528A-4B5A-A253-87487BB1F30E}.X64|x64.Build.0 = X64|Any CPU
	EndGlobalSection
	GlobalSection(SolutionProperties) = preSolution
		HideSolutionNode = FALSE
	EndGlobalSection
	GlobalSection(ExtensibilityGlobals) = postSolution
		SolutionGuid = {BF7D9BEC-74EA-4DFE-9FFD-7753412E783E}
	EndGlobalSection
EndGlobal
